// !$*UTF8*$!
{
	archiveVersion = 1;
	classes = {
	};
	objectVersion = 46;
	objects = {

/* Begin PBXBuildFile section */
		BB5950441D01CD920025A459 /* AppDelegate.swift in Sources */ = {isa = PBXBuildFile; fileRef = BB5950431D01CD920025A459 /* AppDelegate.swift */; };
		BB5950461D01CD920025A459 /* ViewController.swift in Sources */ = {isa = PBXBuildFile; fileRef = BB5950451D01CD920025A459 /* ViewController.swift */; };
		BB5950491D01CD920025A459 /* Main.storyboard in Resources */ = {isa = PBXBuildFile; fileRef = BB5950471D01CD920025A459 /* Main.storyboard */; };
		BB59504B1D01CD920025A459 /* Assets.xcassets in Resources */ = {isa = PBXBuildFile; fileRef = BB59504A1D01CD920025A459 /* Assets.xcassets */; };
		BB59504E1D01CD920025A459 /* LaunchScreen.storyboard in Resources */ = {isa = PBXBuildFile; fileRef = BB59504C1D01CD920025A459 /* LaunchScreen.storyboard */; };
		BB5950591D01CD920025A459 /* IMDraftTests.swift in Sources */ = {isa = PBXBuildFile; fileRef = BB5950581D01CD920025A459 /* IMDraftTests.swift */; };
		BB5950641D01DDC00025A459 /* LocationTableViewCell.swift in Sources */ = {isa = PBXBuildFile; fileRef = BB5950631D01DDC00025A459 /* LocationTableViewCell.swift */; };
		BB5950661D01DEB30025A459 /* LocationTableViewController.swift in Sources */ = {isa = PBXBuildFile; fileRef = BB5950651D01DEB30025A459 /* LocationTableViewController.swift */; };
		BB5950681D01E3040025A459 /* Location.swift in Sources */ = {isa = PBXBuildFile; fileRef = BB5950671D01E3040025A459 /* Location.swift */; };
		BB59506A1D01E66A0025A459 /* LocationViewController.swift in Sources */ = {isa = PBXBuildFile; fileRef = BB5950691D01E66A0025A459 /* LocationViewController.swift */; };
/* End PBXBuildFile section */

/* Begin PBXContainerItemProxy section */
		BB5950551D01CD920025A459 /* PBXContainerItemProxy */ = {
			isa = PBXContainerItemProxy;
			containerPortal = BB5950381D01CD920025A459 /* Project object */;
			proxyType = 1;
			remoteGlobalIDString = BB59503F1D01CD920025A459;
			remoteInfo = IMDraft;
		};
/* End PBXContainerItemProxy section */

/* Begin PBXFileReference section */
		BB5950401D01CD920025A459 /* IMDraft.app */ = {isa = PBXFileReference; explicitFileType = wrapper.application; includeInIndex = 0; path = IMDraft.app; sourceTree = BUILT_PRODUCTS_DIR; };
		BB5950431D01CD920025A459 /* AppDelegate.swift */ = {isa = PBXFileReference; lastKnownFileType = sourcecode.swift; path = AppDelegate.swift; sourceTree = "<group>"; };
		BB5950451D01CD920025A459 /* ViewController.swift */ = {isa = PBXFileReference; lastKnownFileType = sourcecode.swift; path = ViewController.swift; sourceTree = "<group>"; };
		BB5950481D01CD920025A459 /* Base */ = {isa = PBXFileReference; lastKnownFileType = file.storyboard; name = Base; path = Base.lproj/Main.storyboard; sourceTree = "<group>"; };
		BB59504A1D01CD920025A459 /* Assets.xcassets */ = {isa = PBXFileReference; lastKnownFileType = folder.assetcatalog; path = Assets.xcassets; sourceTree = "<group>"; };
		BB59504D1D01CD920025A459 /* Base */ = {isa = PBXFileReference; lastKnownFileType = file.storyboard; name = Base; path = Base.lproj/LaunchScreen.storyboard; sourceTree = "<group>"; };
		BB59504F1D01CD920025A459 /* Info.plist */ = {isa = PBXFileReference; lastKnownFileType = text.plist.xml; path = Info.plist; sourceTree = "<group>"; };
		BB5950541D01CD920025A459 /* IMDraftTests.xctest */ = {isa = PBXFileReference; explicitFileType = wrapper.cfbundle; includeInIndex = 0; path = IMDraftTests.xctest; sourceTree = BUILT_PRODUCTS_DIR; };
		BB5950581D01CD920025A459 /* IMDraftTests.swift */ = {isa = PBXFileReference; lastKnownFileType = sourcecode.swift; path = IMDraftTests.swift; sourceTree = "<group>"; };
		BB59505A1D01CD920025A459 /* Info.plist */ = {isa = PBXFileReference; lastKnownFileType = text.plist.xml; path = Info.plist; sourceTree = "<group>"; };
		BB5950631D01DDC00025A459 /* LocationTableViewCell.swift */ = {isa = PBXFileReference; fileEncoding = 4; lastKnownFileType = sourcecode.swift; path = LocationTableViewCell.swift; sourceTree = "<group>"; };
		BB5950651D01DEB30025A459 /* LocationTableViewController.swift */ = {isa = PBXFileReference; fileEncoding = 4; lastKnownFileType = sourcecode.swift; path = LocationTableViewController.swift; sourceTree = "<group>"; };
		BB5950671D01E3040025A459 /* Location.swift */ = {isa = PBXFileReference; fileEncoding = 4; lastKnownFileType = sourcecode.swift; path = Location.swift; sourceTree = "<group>"; };
		BB5950691D01E66A0025A459 /* LocationViewController.swift */ = {isa = PBXFileReference; fileEncoding = 4; lastKnownFileType = sourcecode.swift; path = LocationViewController.swift; sourceTree = "<group>"; };
/* End PBXFileReference section */

/* Begin PBXFrameworksBuildPhase section */
		BB59503D1D01CD920025A459 /* Frameworks */ = {
			isa = PBXFrameworksBuildPhase;
			buildActionMask = 2147483647;
			files = (
			);
			runOnlyForDeploymentPostprocessing = 0;
		};
		BB5950511D01CD920025A459 /* Frameworks */ = {
			isa = PBXFrameworksBuildPhase;
			buildActionMask = 2147483647;
			files = (
			);
			runOnlyForDeploymentPostprocessing = 0;
		};
/* End PBXFrameworksBuildPhase section */

/* Begin PBXGroup section */
		BB5950371D01CD920025A459 = {
			isa = PBXGroup;
			children = (
				BB5950421D01CD920025A459 /* IMDraft */,
				BB5950571D01CD920025A459 /* IMDraftTests */,
				BB5950411D01CD920025A459 /* Products */,
			);
			sourceTree = "<group>";
		};
		BB5950411D01CD920025A459 /* Products */ = {
			isa = PBXGroup;
			children = (
				BB5950401D01CD920025A459 /* IMDraft.app */,
				BB5950541D01CD920025A459 /* IMDraftTests.xctest */,
			);
			name = Products;
			sourceTree = "<group>";
		};
		BB5950421D01CD920025A459 /* IMDraft */ = {
			isa = PBXGroup;
			children = (
				BB5950431D01CD920025A459 /* AppDelegate.swift */,
				BB5950451D01CD920025A459 /* ViewController.swift */,
				BB5950471D01CD920025A459 /* Main.storyboard */,
				BB5950631D01DDC00025A459 /* LocationTableViewCell.swift */,
				BB5950651D01DEB30025A459 /* LocationTableViewController.swift */,
				BB5950691D01E66A0025A459 /* LocationViewController.swift */,
				BB5950671D01E3040025A459 /* Location.swift */,
				BB59504A1D01CD920025A459 /* Assets.xcassets */,
				BB59504C1D01CD920025A459 /* LaunchScreen.storyboard */,
				BB59504F1D01CD920025A459 /* Info.plist */,
			);
			path = IMDraft;
			sourceTree = "<group>";
		};
		BB5950571D01CD920025A459 /* IMDraftTests */ = {
			isa = PBXGroup;
			children = (
				BB5950581D01CD920025A459 /* IMDraftTests.swift */,
				BB59505A1D01CD920025A459 /* Info.plist */,
			);
			path = IMDraftTests;
			sourceTree = "<group>";
		};
/* End PBXGroup section */

/* Begin PBXNativeTarget section */
		BB59503F1D01CD920025A459 /* IMDraft */ = {
			isa = PBXNativeTarget;
			buildConfigurationList = BB59505D1D01CD920025A459 /* Build configuration list for PBXNativeTarget "IMDraft" */;
			buildPhases = (
				BB59503C1D01CD920025A459 /* Sources */,
				BB59503D1D01CD920025A459 /* Frameworks */,
				BB59503E1D01CD920025A459 /* Resources */,
			);
			buildRules = (
			);
			dependencies = (
			);
			name = IMDraft;
			productName = IMDraft;
			productReference = BB5950401D01CD920025A459 /* IMDraft.app */;
			productType = "com.apple.product-type.application";
		};
		BB5950531D01CD920025A459 /* IMDraftTests */ = {
			isa = PBXNativeTarget;
			buildConfigurationList = BB5950601D01CD920025A459 /* Build configuration list for PBXNativeTarget "IMDraftTests" */;
			buildPhases = (
				BB5950501D01CD920025A459 /* Sources */,
				BB5950511D01CD920025A459 /* Frameworks */,
				BB5950521D01CD920025A459 /* Resources */,
			);
			buildRules = (
			);
			dependencies = (
				BB5950561D01CD920025A459 /* PBXTargetDependency */,
			);
			name = IMDraftTests;
			productName = IMDraftTests;
			productReference = BB5950541D01CD920025A459 /* IMDraftTests.xctest */;
			productType = "com.apple.product-type.bundle.unit-test";
		};
/* End PBXNativeTarget section */

/* Begin PBXProject section */
		BB5950381D01CD920025A459 /* Project object */ = {
			isa = PBXProject;
			attributes = {
				LastSwiftUpdateCheck = 0730;
				LastUpgradeCheck = 0730;
				ORGANIZATIONNAME = "Hannah Tipperman";
				TargetAttributes = {
					BB59503F1D01CD920025A459 = {
						CreatedOnToolsVersion = 7.3.1;
					};
					BB5950531D01CD920025A459 = {
						CreatedOnToolsVersion = 7.3.1;
						TestTargetID = BB59503F1D01CD920025A459;
					};
				};
			};
			buildConfigurationList = BB59503B1D01CD920025A459 /* Build configuration list for PBXProject "IMDraft" */;
			compatibilityVersion = "Xcode 3.2";
			developmentRegion = English;
			hasScannedForEncodings = 0;
			knownRegions = (
				en,
				Base,
			);
			mainGroup = BB5950371D01CD920025A459;
			productRefGroup = BB5950411D01CD920025A459 /* Products */;
			projectDirPath = "";
			projectRoot = "";
			targets = (
				BB59503F1D01CD920025A459 /* IMDraft */,
				BB5950531D01CD920025A459 /* IMDraftTests */,
			);
		};
/* End PBXProject section */

/* Begin PBXResourcesBuildPhase section */
		BB59503E1D01CD920025A459 /* Resources */ = {
			isa = PBXResourcesBuildPhase;
			buildActionMask = 2147483647;
			files = (
				BB59504E1D01CD920025A459 /* LaunchScreen.storyboard in Resources */,
				BB59504B1D01CD920025A459 /* Assets.xcassets in Resources */,
				BB5950491D01CD920025A459 /* Main.storyboard in Resources */,
			);
			runOnlyForDeploymentPostprocessing = 0;
		};
		BB5950521D01CD920025A459 /* Resources */ = {
			isa = PBXResourcesBuildPhase;
			buildActionMask = 2147483647;
			files = (
			);
			runOnlyForDeploymentPostprocessing = 0;
		};
/* End PBXResourcesBuildPhase section */

/* Begin PBXSourcesBuildPhase section */
		BB59503C1D01CD920025A459 /* Sources */ = {
			isa = PBXSourcesBuildPhase;
			buildActionMask = 2147483647;
			files = (
				BB5950661D01DEB30025A459 /* LocationTableViewController.swift in Sources */,
				BB5950641D01DDC00025A459 /* LocationTableViewCell.swift in Sources */,
				BB5950681D01E3040025A459 /* Location.swift in Sources */,
				BB59506A1D01E66A0025A459 /* LocationViewController.swift in Sources */,
				BB5950461D01CD920025A459 /* ViewController.swift in Sources */,
				BB5950441D01CD920025A459 /* AppDelegate.swift in Sources */,
			);
			runOnlyForDeploymentPostprocessing = 0;
		};
		BB5950501D01CD920025A459 /* Sources */ = {
			isa = PBXSourcesBuildPhase;
			buildActionMask = 2147483647;
			files = (
				BB5950591D01CD920025A459 /* IMDraftTests.swift in Sources */,
			);
			runOnlyForDeploymentPostprocessing = 0;
		};
/* End PBXSourcesBuildPhase section */

/* Begin PBXTargetDependency section */
		BB5950561D01CD920025A459 /* PBXTargetDependency */ = {
			isa = PBXTargetDependency;
			target = BB59503F1D01CD920025A459 /* IMDraft */;
			targetProxy = BB5950551D01CD920025A459 /* PBXContainerItemProxy */;
		};
/* End PBXTargetDependency section */

/* Begin PBXVariantGroup section */
		BB5950471D01CD920025A459 /* Main.storyboard */ = {
			isa = PBXVariantGroup;
			children = (
				BB5950481D01CD920025A459 /* Base */,
			);
			name = Main.storyboard;
			sourceTree = "<group>";
		};
		BB59504C1D01CD920025A459 /* LaunchScreen.storyboard */ = {
			isa = PBXVariantGroup;
			children = (
				BB59504D1D01CD920025A459 /* Base */,
			);
			name = LaunchScreen.storyboard;
			sourceTree = "<group>";
		};
/* End PBXVariantGroup section */

/* Begin XCBuildConfiguration section */
		BB59505B1D01CD920025A459 /* Debug */ = {
			isa = XCBuildConfiguration;
			buildSettings = {
				ALWAYS_SEARCH_USER_PATHS = NO;
				CLANG_ANALYZER_NONNULL = YES;
				CLANG_CXX_LANGUAGE_STANDARD = "gnu++0x";
				CLANG_CXX_LIBRARY = "libc++";
				CLANG_ENABLE_MODULES = YES;
				CLANG_ENABLE_OBJC_ARC = YES;
				CLANG_WARN_BOOL_CONVERSION = YES;
				CLANG_WARN_CONSTANT_CONVERSION = YES;
				CLANG_WARN_DIRECT_OBJC_ISA_USAGE = YES_ERROR;
				CLANG_WARN_EMPTY_BODY = YES;
				CLANG_WARN_ENUM_CONVERSION = YES;
				CLANG_WARN_INT_CONVERSION = YES;
				CLANG_WARN_OBJC_ROOT_CLASS = YES_ERROR;
				CLANG_WARN_UNREACHABLE_CODE = YES;
				CLANG_WARN__DUPLICATE_METHOD_MATCH = YES;
				"CODE_SIGN_IDENTITY[sdk=iphoneos*]" = "iPhone Developer";
				COPY_PHASE_STRIP = NO;
				DEBUG_INFORMATION_FORMAT = dwarf;
				ENABLE_STRICT_OBJC_MSGSEND = YES;
				ENABLE_TESTABILITY = YES;
				GCC_C_LANGUAGE_STANDARD = gnu99;
				GCC_DYNAMIC_NO_PIC = NO;
				GCC_NO_COMMON_BLOCKS = YES;
				GCC_OPTIMIZATION_LEVEL = 0;
				GCC_PREPROCESSOR_DEFINITIONS = (
					"DEBUG=1",
					"$(inherited)",
				);
				GCC_WARN_64_TO_32_BIT_CONVERSION = YES;
				GCC_WARN_ABOUT_RETURN_TYPE = YES_ERROR;
				GCC_WARN_UNDECLARED_SELECTOR = YES;
				GCC_WARN_UNINITIALIZED_AUTOS = YES_AGGRESSIVE;
				GCC_WARN_UNUSED_FUNCTION = YES;
				GCC_WARN_UNUSED_VARIABLE = YES;
				IPHONEOS_DEPLOYMENT_TARGET = 9.3;
				MTL_ENABLE_DEBUG_INFO = YES;
				ONLY_ACTIVE_ARCH = YES;
				SDKROOT = iphoneos;
				SWIFT_OPTIMIZATION_LEVEL = "-Onone";
			};
			name = Debug;
		};
		BB59505C1D01CD920025A459 /* Release */ = {
			isa = XCBuildConfiguration;
			buildSettings = {
				ALWAYS_SEARCH_USER_PATHS = NO;
				CLANG_ANALYZER_NONNULL = YES;
				CLANG_CXX_LANGUAGE_STANDARD = "gnu++0x";
				CLANG_CXX_LIBRARY = "libc++";
				CLANG_ENABLE_MODULES = YES;
				CLANG_ENABLE_OBJC_ARC = YES;
				CLANG_WARN_BOOL_CONVERSION = YES;
				CLANG_WARN_CONSTANT_CONVERSION = YES;
				CLANG_WARN_DIRECT_OBJC_ISA_USAGE = YES_ERROR;
				CLANG_WARN_EMPTY_BODY = YES;
				CLANG_WARN_ENUM_CONVERSION = YES;
				CLANG_WARN_INT_CONVERSION = YES;
				CLANG_WARN_OBJC_ROOT_CLASS = YES_ERROR;
				CLANG_WARN_UNREACHABLE_CODE = YES;
				CLANG_WARN__DUPLICATE_METHOD_MATCH = YES;
				"CODE_SIGN_IDENTITY[sdk=iphoneos*]" = "iPhone Developer";
				COPY_PHASE_STRIP = NO;
				DEBUG_INFORMATION_FORMAT = "dwarf-with-dsym";
				ENABLE_NS_ASSERTIONS = NO;
				ENABLE_STRICT_OBJC_MSGSEND = YES;
				GCC_C_LANGUAGE_STANDARD = gnu99;
				GCC_NO_COMMON_BLOCKS = YES;
				GCC_WARN_64_TO_32_BIT_CONVERSION = YES;
				GCC_WARN_ABOUT_RETURN_TYPE = YES_ERROR;
				GCC_WARN_UNDECLARED_SELECTOR = YES;
				GCC_WARN_UNINITIALIZED_AUTOS = YES_AGGRESSIVE;
				GCC_WARN_UNUSED_FUNCTION = YES;
				GCC_WARN_UNUSED_VARIABLE = YES;
				IPHONEOS_DEPLOYMENT_TARGET = 9.3;
				MTL_ENABLE_DEBUG_INFO = NO;
				SDKROOT = iphoneos;
				VALIDATE_PRODUCT = YES;
			};
			name = Release;
		};
		BB59505E1D01CD920025A459 /* Debug */ = {
			isa = XCBuildConfiguration;
			buildSettings = {
				ASSETCATALOG_COMPILER_APPICON_NAME = AppIcon;
				INFOPLIST_FILE = IMDraft/Info.plist;
				LD_RUNPATH_SEARCH_PATHS = "$(inherited) @executable_path/Frameworks";
				PRODUCT_BUNDLE_IDENTIFIER = com.example.IMDraft;
				PRODUCT_NAME = "$(TARGET_NAME)";
			};
			name = Debug;
		};
		BB59505F1D01CD920025A459 /* Release */ = {
			isa = XCBuildConfiguration;
			buildSettings = {
				ASSETCATALOG_COMPILER_APPICON_NAME = AppIcon;
				INFOPLIST_FILE = IMDraft/Info.plist;
				LD_RUNPATH_SEARCH_PATHS = "$(inherited) @executable_path/Frameworks";
				PRODUCT_BUNDLE_IDENTIFIER = com.example.IMDraft;
				PRODUCT_NAME = "$(TARGET_NAME)";
			};
			name = Release;
		};
		BB5950611D01CD920025A459 /* Debug */ = {
			isa = XCBuildConfiguration;
			buildSettings = {
				BUNDLE_LOADER = "$(TEST_HOST)";
				INFOPLIST_FILE = IMDraftTests/Info.plist;
				LD_RUNPATH_SEARCH_PATHS = "$(inherited) @executable_path/Frameworks @loader_path/Frameworks";
				PRODUCT_BUNDLE_IDENTIFIER = com.example.IMDraftTests;
				PRODUCT_NAME = "$(TARGET_NAME)";
				TEST_HOST = "$(BUILT_PRODUCTS_DIR)/IMDraft.app/IMDraft";
			};
			name = Debug;
		};
		BB5950621D01CD920025A459 /* Release */ = {
			isa = XCBuildConfiguration;
			buildSettings = {
				BUNDLE_LOADER = "$(TEST_HOST)";
				INFOPLIST_FILE = IMDraftTests/Info.plist;
				LD_RUNPATH_SEARCH_PATHS = "$(inherited) @executable_path/Frameworks @loader_path/Frameworks";
				PRODUCT_BUNDLE_IDENTIFIER = com.example.IMDraftTests;
				PRODUCT_NAME = "$(TARGET_NAME)";
				TEST_HOST = "$(BUILT_PRODUCTS_DIR)/IMDraft.app/IMDraft";
			};
			name = Release;
		};
/* End XCBuildConfiguration section */

/* Begin XCConfigurationList section */
		BB59503B1D01CD920025A459 /* Build configuration list for PBXProject "IMDraft" */ = {
			isa = XCConfigurationList;
			buildConfigurations = (
				BB59505B1D01CD920025A459 /* Debug */,
				BB59505C1D01CD920025A459 /* Release */,
			);
			defaultConfigurationIsVisible = 0;
			defaultConfigurationName = Release;
		};
		BB59505D1D01CD920025A459 /* Build configuration list for PBXNativeTarget "IMDraft" */ = {
			isa = XCConfigurationList;
			buildConfigurations = (
				BB59505E1D01CD920025A459 /* Debug */,
				BB59505F1D01CD920025A459 /* Release */,
			);
			defaultConfigurationIsVisible = 0;
		};
		BB5950601D01CD920025A459 /* Build configuration list for PBXNativeTarget "IMDraftTests" */ = {
			isa = XCConfigurationList;
			buildConfigurations = (
				BB5950611D01CD920025A459 /* Debug */,
				BB5950621D01CD920025A459 /* Release */,
			);
			defaultConfigurationIsVisible = 0;
		};
/* End XCConfigurationList section */
	};
	rootObject = BB5950381D01CD920025A459 /* Project object */;
}
